// !$*UTF8*$!
{
	archiveVersion = 1;
	classes = {
	};
	objectVersion = 56;
	objects = {

/* Begin PBXBuildFile section */
		F72A31772C6A052700B0328D /* ProfileCardView.swift in Sources */ = {isa = PBXBuildFile; fileRef = F72A31762C6A052700B0328D /* ProfileCardView.swift */; };
		F739723A2C65E74C00F3454A /* SettingsView.swift in Sources */ = {isa = PBXBuildFile; fileRef = F73972392C65E74C00F3454A /* SettingsView.swift */; };
		F7519A122C6A0D8300B02D92 /* WelcomeView.swift in Sources */ = {isa = PBXBuildFile; fileRef = F7519A112C6A0D8300B02D92 /* WelcomeView.swift */; };
		F7519A142C6A262700B02D92 /* OtpResponseModel.swift in Sources */ = {isa = PBXBuildFile; fileRef = F7519A132C6A262700B02D92 /* OtpResponseModel.swift */; };
		F7519A162C6A265100B02D92 /* LoginResponseModel.swift in Sources */ = {isa = PBXBuildFile; fileRef = F7519A152C6A265100B02D92 /* LoginResponseModel.swift */; };
		F7519A182C6B319400B02D92 /* OtpTextField.swift in Sources */ = {isa = PBXBuildFile; fileRef = F7519A172C6B319400B02D92 /* OtpTextField.swift */; };
		F7519A1C2C6B52DD00B02D92 /* NoticeModel.swift in Sources */ = {isa = PBXBuildFile; fileRef = F7519A1B2C6B52DD00B02D92 /* NoticeModel.swift */; };
		F7519A202C6B5F5B00B02D92 /* NoticeViewModel.swift in Sources */ = {isa = PBXBuildFile; fileRef = F7519A1F2C6B5F5B00B02D92 /* NoticeViewModel.swift */; };
		F7519A272C6B89F500B02D92 /* HtmlToString.swift in Sources */ = {isa = PBXBuildFile; fileRef = F7519A262C6B89F500B02D92 /* HtmlToString.swift */; };
		F751C1662C63969C00F6B5CE /* BillsView.swift in Sources */ = {isa = PBXBuildFile; fileRef = F751C1652C63969C00F6B5CE /* BillsView.swift */; };
		F751C17A2C64BA2500F6B5CE /* HomePageView.swift in Sources */ = {isa = PBXBuildFile; fileRef = F751C1792C64BA2500F6B5CE /* HomePageView.swift */; };
		F751C17D2C64C85D00F6B5CE /* BillsCardView.swift in Sources */ = {isa = PBXBuildFile; fileRef = F751C17C2C64C85D00F6B5CE /* BillsCardView.swift */; };
		F753700F2C64D230007BFE92 /* ReceiptsView.swift in Sources */ = {isa = PBXBuildFile; fileRef = F753700E2C64D230007BFE92 /* ReceiptsView.swift */; };
		F75370112C64D27D007BFE92 /* ReceiptsCardViewMain.swift in Sources */ = {isa = PBXBuildFile; fileRef = F75370102C64D27D007BFE92 /* ReceiptsCardViewMain.swift */; };
		F75370162C64D6D4007BFE92 /* SheetView.swift in Sources */ = {isa = PBXBuildFile; fileRef = F75370152C64D6D4007BFE92 /* SheetView.swift */; };
		F75370202C65CC09007BFE92 /* NewsView.swift in Sources */ = {isa = PBXBuildFile; fileRef = F753701F2C65CC09007BFE92 /* NewsView.swift */; };
		F75370232C65D086007BFE92 /* NoticeBoardcardView.swift in Sources */ = {isa = PBXBuildFile; fileRef = F75370222C65D086007BFE92 /* NoticeBoardcardView.swift */; };
		F7729EFC2C7C4F2D00EE3D6C /* ReceiptsViewModel.swift in Sources */ = {isa = PBXBuildFile; fileRef = F7729EFB2C7C4F2D00EE3D6C /* ReceiptsViewModel.swift */; };
		F7729EFE2C7C4F4B00EE3D6C /* ReceiptsModel.swift in Sources */ = {isa = PBXBuildFile; fileRef = F7729EFD2C7C4F4B00EE3D6C /* ReceiptsModel.swift */; };
		F7729F002C7C52AF00EE3D6C /* ReceiptsCardViewSecondary.swift in Sources */ = {isa = PBXBuildFile; fileRef = F7729EFF2C7C52AF00EE3D6C /* ReceiptsCardViewSecondary.swift */; };
		F7729F022C7C53D800EE3D6C /* TableView.swift in Sources */ = {isa = PBXBuildFile; fileRef = F7729F012C7C53D800EE3D6C /* TableView.swift */; };
		F7729F062C7DE79B00EE3D6C /* MainApiCall2.swift in Sources */ = {isa = PBXBuildFile; fileRef = F7729F052C7DE79B00EE3D6C /* MainApiCall2.swift */; };
		F78053AF2C6F5A7100242BF8 /* ProfileView.swift in Sources */ = {isa = PBXBuildFile; fileRef = F78053AE2C6F5A7100242BF8 /* ProfileView.swift */; };
		F78053B12C6F5BBD00242BF8 /* TopBarView.swift in Sources */ = {isa = PBXBuildFile; fileRef = F78053B02C6F5BBD00242BF8 /* TopBarView.swift */; };
		F78053B52C73059400242BF8 /* ProfileViewModel.swift in Sources */ = {isa = PBXBuildFile; fileRef = F78053B42C73059400242BF8 /* ProfileViewModel.swift */; };
		F78053B72C73065200242BF8 /* ProfileModel.swift in Sources */ = {isa = PBXBuildFile; fileRef = F78053B62C73065200242BF8 /* ProfileModel.swift */; };
		F799DE3C2C746832003D79E1 /* MainApiCall.swift in Sources */ = {isa = PBXBuildFile; fileRef = F799DE3B2C746832003D79E1 /* MainApiCall.swift */; };
		F799DE402C773C6F003D79E1 /* BillsViewModel.swift in Sources */ = {isa = PBXBuildFile; fileRef = F799DE3F2C773C6F003D79E1 /* BillsViewModel.swift */; };
		F799DE422C773CA6003D79E1 /* BillModel.swift in Sources */ = {isa = PBXBuildFile; fileRef = F799DE412C773CA6003D79E1 /* BillModel.swift */; };
		F799DE482C78A2B7003D79E1 /* OwnerModel.swift in Sources */ = {isa = PBXBuildFile; fileRef = F799DE472C78A2B7003D79E1 /* OwnerModel.swift */; };
		F799DE4A2C78A323003D79E1 /* OwnerViewModel.swift in Sources */ = {isa = PBXBuildFile; fileRef = F799DE492C78A323003D79E1 /* OwnerViewModel.swift */; };
		F79D5E0A2C6F4F4C008EEABE /* GlobalVariables.swift in Sources */ = {isa = PBXBuildFile; fileRef = F79D5E092C6F4F4C008EEABE /* GlobalVariables.swift */; };
		F7C12AA62C733983003F4AF4 /* CustomColors.swift in Sources */ = {isa = PBXBuildFile; fileRef = F7C12AA52C733983003F4AF4 /* CustomColors.swift */; };
		F7C12AA82C7344C0003F4AF4 /* NoticeSearchBar.swift in Sources */ = {isa = PBXBuildFile; fileRef = F7C12AA72C7344C0003F4AF4 /* NoticeSearchBar.swift */; };
		F7C12AAA2C7362AC003F4AF4 /* jsonToUrl.swift in Sources */ = {isa = PBXBuildFile; fileRef = F7C12AA92C7362AC003F4AF4 /* jsonToUrl.swift */; };
		F7C6DAD12C69EEE400980E6A /* OtpViewModel.swift in Sources */ = {isa = PBXBuildFile; fileRef = F7C6DAD02C69EEE400980E6A /* OtpViewModel.swift */; };
		F7E4D7952C66154D00405CFE /* ThemeChangeView.swift in Sources */ = {isa = PBXBuildFile; fileRef = F7E4D7942C66154D00405CFE /* ThemeChangeView.swift */; };
		F7E4D7A42C69D9F400405CFE /* LoginViewModel.swift in Sources */ = {isa = PBXBuildFile; fileRef = F7E4D7A32C69D9F400405CFE /* LoginViewModel.swift */; };
		F7E4D7A62C69E6A100405CFE /* OtpView.swift in Sources */ = {isa = PBXBuildFile; fileRef = F7E4D7A52C69E6A100405CFE /* OtpView.swift */; };
		F7FE62E72C633793004049A1 /* ProptollApp.swift in Sources */ = {isa = PBXBuildFile; fileRef = F7FE62E62C633793004049A1 /* ProptollApp.swift */; };
		F7FE62E92C633793004049A1 /* ContentView.swift in Sources */ = {isa = PBXBuildFile; fileRef = F7FE62E82C633793004049A1 /* ContentView.swift */; };
		F7FE62EB2C633794004049A1 /* Assets.xcassets in Resources */ = {isa = PBXBuildFile; fileRef = F7FE62EA2C633794004049A1 /* Assets.xcassets */; };
		F7FE62EE2C633794004049A1 /* Preview Assets.xcassets in Resources */ = {isa = PBXBuildFile; fileRef = F7FE62ED2C633794004049A1 /* Preview Assets.xcassets */; };
		F7FE62F82C634476004049A1 /* LoginView.swift in Sources */ = {isa = PBXBuildFile; fileRef = F7FE62F72C634476004049A1 /* LoginView.swift */; };
		F7FE62FA2C634E12004049A1 /* NoticeBoardView.swift in Sources */ = {isa = PBXBuildFile; fileRef = F7FE62F92C634E12004049A1 /* NoticeBoardView.swift */; };
		F7FE62FE2C636C47004049A1 /* HTMLReader.swift in Sources */ = {isa = PBXBuildFile; fileRef = F7FE62FD2C636C47004049A1 /* HTMLReader.swift */; };
/* End PBXBuildFile section */

/* Begin PBXFileReference section */
		F72A31762C6A052700B0328D /* ProfileCardView.swift */ = {isa = PBXFileReference; lastKnownFileType = sourcecode.swift; path = ProfileCardView.swift; sourceTree = "<group>"; };
		F73972392C65E74C00F3454A /* SettingsView.swift */ = {isa = PBXFileReference; lastKnownFileType = sourcecode.swift; path = SettingsView.swift; sourceTree = "<group>"; };
		F7519A112C6A0D8300B02D92 /* WelcomeView.swift */ = {isa = PBXFileReference; lastKnownFileType = sourcecode.swift; path = WelcomeView.swift; sourceTree = "<group>"; };
		F7519A132C6A262700B02D92 /* OtpResponseModel.swift */ = {isa = PBXFileReference; lastKnownFileType = sourcecode.swift; path = OtpResponseModel.swift; sourceTree = "<group>"; };
		F7519A152C6A265100B02D92 /* LoginResponseModel.swift */ = {isa = PBXFileReference; lastKnownFileType = sourcecode.swift; path = LoginResponseModel.swift; sourceTree = "<group>"; };
		F7519A172C6B319400B02D92 /* OtpTextField.swift */ = {isa = PBXFileReference; lastKnownFileType = sourcecode.swift; path = OtpTextField.swift; sourceTree = "<group>"; };
		F7519A1B2C6B52DD00B02D92 /* NoticeModel.swift */ = {isa = PBXFileReference; lastKnownFileType = sourcecode.swift; path = NoticeModel.swift; sourceTree = "<group>"; };
		F7519A1F2C6B5F5B00B02D92 /* NoticeViewModel.swift */ = {isa = PBXFileReference; lastKnownFileType = sourcecode.swift; path = NoticeViewModel.swift; sourceTree = "<group>"; };
		F7519A262C6B89F500B02D92 /* HtmlToString.swift */ = {isa = PBXFileReference; lastKnownFileType = sourcecode.swift; path = HtmlToString.swift; sourceTree = "<group>"; };
		F751C1652C63969C00F6B5CE /* BillsView.swift */ = {isa = PBXFileReference; lastKnownFileType = sourcecode.swift; path = BillsView.swift; sourceTree = "<group>"; };
		F751C1792C64BA2500F6B5CE /* HomePageView.swift */ = {isa = PBXFileReference; lastKnownFileType = sourcecode.swift; path = HomePageView.swift; sourceTree = "<group>"; };
		F751C17C2C64C85D00F6B5CE /* BillsCardView.swift */ = {isa = PBXFileReference; lastKnownFileType = sourcecode.swift; path = BillsCardView.swift; sourceTree = "<group>"; };
		F753700E2C64D230007BFE92 /* ReceiptsView.swift */ = {isa = PBXFileReference; lastKnownFileType = sourcecode.swift; path = ReceiptsView.swift; sourceTree = "<group>"; };
		F75370102C64D27D007BFE92 /* ReceiptsCardViewMain.swift */ = {isa = PBXFileReference; lastKnownFileType = sourcecode.swift; path = ReceiptsCardViewMain.swift; sourceTree = "<group>"; };
		F75370152C64D6D4007BFE92 /* SheetView.swift */ = {isa = PBXFileReference; lastKnownFileType = sourcecode.swift; path = SheetView.swift; sourceTree = "<group>"; };
		F753701F2C65CC09007BFE92 /* NewsView.swift */ = {isa = PBXFileReference; lastKnownFileType = sourcecode.swift; path = NewsView.swift; sourceTree = "<group>"; };
		F75370222C65D086007BFE92 /* NoticeBoardcardView.swift */ = {isa = PBXFileReference; lastKnownFileType = sourcecode.swift; path = NoticeBoardcardView.swift; sourceTree = "<group>"; };
		F7729EFB2C7C4F2D00EE3D6C /* ReceiptsViewModel.swift */ = {isa = PBXFileReference; lastKnownFileType = sourcecode.swift; path = ReceiptsViewModel.swift; sourceTree = "<group>"; };
		F7729EFD2C7C4F4B00EE3D6C /* ReceiptsModel.swift */ = {isa = PBXFileReference; lastKnownFileType = sourcecode.swift; path = ReceiptsModel.swift; sourceTree = "<group>"; };
		F7729EFF2C7C52AF00EE3D6C /* ReceiptsCardViewSecondary.swift */ = {isa = PBXFileReference; lastKnownFileType = sourcecode.swift; path = ReceiptsCardViewSecondary.swift; sourceTree = "<group>"; };
		F7729F012C7C53D800EE3D6C /* TableView.swift */ = {isa = PBXFileReference; lastKnownFileType = sourcecode.swift; path = TableView.swift; sourceTree = "<group>"; };
		F7729F052C7DE79B00EE3D6C /* MainApiCall2.swift */ = {isa = PBXFileReference; lastKnownFileType = sourcecode.swift; path = MainApiCall2.swift; sourceTree = "<group>"; };
		F78053AE2C6F5A7100242BF8 /* ProfileView.swift */ = {isa = PBXFileReference; lastKnownFileType = sourcecode.swift; path = ProfileView.swift; sourceTree = "<group>"; };
		F78053B02C6F5BBD00242BF8 /* TopBarView.swift */ = {isa = PBXFileReference; lastKnownFileType = sourcecode.swift; path = TopBarView.swift; sourceTree = "<group>"; };
		F78053B42C73059400242BF8 /* ProfileViewModel.swift */ = {isa = PBXFileReference; lastKnownFileType = sourcecode.swift; path = ProfileViewModel.swift; sourceTree = "<group>"; };
		F78053B62C73065200242BF8 /* ProfileModel.swift */ = {isa = PBXFileReference; lastKnownFileType = sourcecode.swift; path = ProfileModel.swift; sourceTree = "<group>"; };
		F799DE3B2C746832003D79E1 /* MainApiCall.swift */ = {isa = PBXFileReference; lastKnownFileType = sourcecode.swift; path = MainApiCall.swift; sourceTree = "<group>"; };
		F799DE3F2C773C6F003D79E1 /* BillsViewModel.swift */ = {isa = PBXFileReference; lastKnownFileType = sourcecode.swift; path = BillsViewModel.swift; sourceTree = "<group>"; };
		F799DE412C773CA6003D79E1 /* BillModel.swift */ = {isa = PBXFileReference; lastKnownFileType = sourcecode.swift; path = BillModel.swift; sourceTree = "<group>"; };
		F799DE472C78A2B7003D79E1 /* OwnerModel.swift */ = {isa = PBXFileReference; lastKnownFileType = sourcecode.swift; path = OwnerModel.swift; sourceTree = "<group>"; };
		F799DE492C78A323003D79E1 /* OwnerViewModel.swift */ = {isa = PBXFileReference; lastKnownFileType = sourcecode.swift; path = OwnerViewModel.swift; sourceTree = "<group>"; };
		F79D5E092C6F4F4C008EEABE /* GlobalVariables.swift */ = {isa = PBXFileReference; lastKnownFileType = sourcecode.swift; path = GlobalVariables.swift; sourceTree = "<group>"; };
		F7C12AA52C733983003F4AF4 /* CustomColors.swift */ = {isa = PBXFileReference; lastKnownFileType = sourcecode.swift; path = CustomColors.swift; sourceTree = "<group>"; };
		F7C12AA72C7344C0003F4AF4 /* NoticeSearchBar.swift */ = {isa = PBXFileReference; lastKnownFileType = sourcecode.swift; path = NoticeSearchBar.swift; sourceTree = "<group>"; };
		F7C12AA92C7362AC003F4AF4 /* jsonToUrl.swift */ = {isa = PBXFileReference; lastKnownFileType = sourcecode.swift; path = jsonToUrl.swift; sourceTree = "<group>"; };
		F7C6DAD02C69EEE400980E6A /* OtpViewModel.swift */ = {isa = PBXFileReference; lastKnownFileType = sourcecode.swift; path = OtpViewModel.swift; sourceTree = "<group>"; };
		F7E4D7942C66154D00405CFE /* ThemeChangeView.swift */ = {isa = PBXFileReference; lastKnownFileType = sourcecode.swift; path = ThemeChangeView.swift; sourceTree = "<group>"; };
		F7E4D7A32C69D9F400405CFE /* LoginViewModel.swift */ = {isa = PBXFileReference; lastKnownFileType = sourcecode.swift; path = LoginViewModel.swift; sourceTree = "<group>"; };
		F7E4D7A52C69E6A100405CFE /* OtpView.swift */ = {isa = PBXFileReference; lastKnownFileType = sourcecode.swift; path = OtpView.swift; sourceTree = "<group>"; };
		F7FE62E32C633793004049A1 /* Proptoll.app */ = {isa = PBXFileReference; explicitFileType = wrapper.application; includeInIndex = 0; path = Proptoll.app; sourceTree = BUILT_PRODUCTS_DIR; };
		F7FE62E62C633793004049A1 /* ProptollApp.swift */ = {isa = PBXFileReference; lastKnownFileType = sourcecode.swift; path = ProptollApp.swift; sourceTree = "<group>"; };
		F7FE62E82C633793004049A1 /* ContentView.swift */ = {isa = PBXFileReference; lastKnownFileType = sourcecode.swift; path = ContentView.swift; sourceTree = "<group>"; };
		F7FE62EA2C633794004049A1 /* Assets.xcassets */ = {isa = PBXFileReference; lastKnownFileType = folder.assetcatalog; path = Assets.xcassets; sourceTree = "<group>"; };
		F7FE62ED2C633794004049A1 /* Preview Assets.xcassets */ = {isa = PBXFileReference; lastKnownFileType = folder.assetcatalog; path = "Preview Assets.xcassets"; sourceTree = "<group>"; };
		F7FE62F72C634476004049A1 /* LoginView.swift */ = {isa = PBXFileReference; lastKnownFileType = sourcecode.swift; path = LoginView.swift; sourceTree = "<group>"; };
		F7FE62F92C634E12004049A1 /* NoticeBoardView.swift */ = {isa = PBXFileReference; lastKnownFileType = sourcecode.swift; path = NoticeBoardView.swift; sourceTree = "<group>"; };
		F7FE62FD2C636C47004049A1 /* HTMLReader.swift */ = {isa = PBXFileReference; lastKnownFileType = sourcecode.swift; path = HTMLReader.swift; sourceTree = "<group>"; };
/* End PBXFileReference section */

/* Begin PBXFrameworksBuildPhase section */
		F7FE62E02C633793004049A1 /* Frameworks */ = {
			isa = PBXFrameworksBuildPhase;
			buildActionMask = 2147483647;
			files = (
			);
			runOnlyForDeploymentPostprocessing = 0;
		};
/* End PBXFrameworksBuildPhase section */

/* Begin PBXGroup section */
		F72A31752C6A051100B0328D /* ReusableComponents */ = {
			isa = PBXGroup;
			children = (
				F75370152C64D6D4007BFE92 /* SheetView.swift */,
				F72A31762C6A052700B0328D /* ProfileCardView.swift */,
				F78053B02C6F5BBD00242BF8 /* TopBarView.swift */,
				F7729F012C7C53D800EE3D6C /* TableView.swift */,
			);
			path = ReusableComponents;
			sourceTree = "<group>";
		};
		F7519A102C6A0D7500B02D92 /* Welcome */ = {
			isa = PBXGroup;
			children = (
				F7519A112C6A0D8300B02D92 /* WelcomeView.swift */,
				F799DE492C78A323003D79E1 /* OwnerViewModel.swift */,
				F799DE472C78A2B7003D79E1 /* OwnerModel.swift */,
			);
			path = Welcome;
			sourceTree = "<group>";
		};
		F78053B82C731E7600242BF8 /* Profile */ = {
			isa = PBXGroup;
			children = (
				F78053AE2C6F5A7100242BF8 /* ProfileView.swift */,
				F78053B42C73059400242BF8 /* ProfileViewModel.swift */,
				F78053B62C73065200242BF8 /* ProfileModel.swift */,
			);
			path = Profile;
			sourceTree = "<group>";
		};
		F799DE3A2C746822003D79E1 /* Api */ = {
			isa = PBXGroup;
			children = (
				F799DE3B2C746832003D79E1 /* MainApiCall.swift */,
				F7729F052C7DE79B00EE3D6C /* MainApiCall2.swift */,
			);
			path = Api;
			sourceTree = "<group>";
		};
		F7C6DAD22C69FDB100980E6A /* UI */ = {
			isa = PBXGroup;
			children = (
				F7519A102C6A0D7500B02D92 /* Welcome */,
				F72A31752C6A051100B0328D /* ReusableComponents */,
				F7C6DADC2C69FF0C00980E6A /* Receipts */,
				F7C6DADB2C69FEA800980E6A /* Bills */,
				F7C6DADA2C69FE8700980E6A /* Noticeboard */,
				F7C6DAD72C69FE3F00980E6A /* Settings */,
				F7C6DAD62C69FE2500980E6A /* Home */,
				F7C6DAD52C69FDE800980E6A /* OTP */,
				F7C6DAD32C69FDBA00980E6A /* login */,
			);
			path = UI;
			sourceTree = "<group>";
		};
		F7C6DAD32C69FDBA00980E6A /* login */ = {
			isa = PBXGroup;
			children = (
				F7FE62F72C634476004049A1 /* LoginView.swift */,
				F7E4D7A32C69D9F400405CFE /* LoginViewModel.swift */,
				F7519A152C6A265100B02D92 /* LoginResponseModel.swift */,
			);
			path = login;
			sourceTree = "<group>";
		};
		F7C6DAD52C69FDE800980E6A /* OTP */ = {
			isa = PBXGroup;
			children = (
				F7E4D7A52C69E6A100405CFE /* OtpView.swift */,
				F7C6DAD02C69EEE400980E6A /* OtpViewModel.swift */,
				F7519A132C6A262700B02D92 /* OtpResponseModel.swift */,
				F7519A172C6B319400B02D92 /* OtpTextField.swift */,
			);
			path = OTP;
			sourceTree = "<group>";
		};
		F7C6DAD62C69FE2500980E6A /* Home */ = {
			isa = PBXGroup;
			children = (
				F751C1792C64BA2500F6B5CE /* HomePageView.swift */,
			);
			path = Home;
			sourceTree = "<group>";
		};
		F7C6DAD72C69FE3F00980E6A /* Settings */ = {
			isa = PBXGroup;
			children = (
				F73972392C65E74C00F3454A /* SettingsView.swift */,
				F78053B82C731E7600242BF8 /* Profile */,
			);
			path = Settings;
			sourceTree = "<group>";
		};
		F7C6DADA2C69FE8700980E6A /* Noticeboard */ = {
			isa = PBXGroup;
			children = (
				F7FE62F92C634E12004049A1 /* NoticeBoardView.swift */,
				F75370222C65D086007BFE92 /* NoticeBoardcardView.swift */,
				F7C12AA72C7344C0003F4AF4 /* NoticeSearchBar.swift */,
				F753701F2C65CC09007BFE92 /* NewsView.swift */,
				F7519A1F2C6B5F5B00B02D92 /* NoticeViewModel.swift */,
				F7519A1B2C6B52DD00B02D92 /* NoticeModel.swift */,
			);
			path = Noticeboard;
			sourceTree = "<group>";
		};
		F7C6DADB2C69FEA800980E6A /* Bills */ = {
			isa = PBXGroup;
			children = (
				F751C1652C63969C00F6B5CE /* BillsView.swift */,
				F799DE3F2C773C6F003D79E1 /* BillsViewModel.swift */,
				F751C17C2C64C85D00F6B5CE /* BillsCardView.swift */,
				F799DE412C773CA6003D79E1 /* BillModel.swift */,
			);
			path = Bills;
			sourceTree = "<group>";
		};
		F7C6DADC2C69FF0C00980E6A /* Receipts */ = {
			isa = PBXGroup;
			children = (
				F753700E2C64D230007BFE92 /* ReceiptsView.swift */,
				F75370102C64D27D007BFE92 /* ReceiptsCardViewMain.swift */,
				F7729EFF2C7C52AF00EE3D6C /* ReceiptsCardViewSecondary.swift */,
				F7729EFB2C7C4F2D00EE3D6C /* ReceiptsViewModel.swift */,
				F7729EFD2C7C4F4B00EE3D6C /* ReceiptsModel.swift */,
			);
			path = Receipts;
			sourceTree = "<group>";
		};
		F7FE62DA2C633793004049A1 = {
			isa = PBXGroup;
			children = (
				F7FE62E52C633793004049A1 /* Proptoll */,
				F7FE62E42C633793004049A1 /* Products */,
			);
			sourceTree = "<group>";
		};
		F7FE62E42C633793004049A1 /* Products */ = {
			isa = PBXGroup;
			children = (
				F7FE62E32C633793004049A1 /* Proptoll.app */,
			);
			name = Products;
			sourceTree = "<group>";
		};
		F7FE62E52C633793004049A1 /* Proptoll */ = {
			isa = PBXGroup;
			children = (
				F7FE62E62C633793004049A1 /* ProptollApp.swift */,
				F79D5E092C6F4F4C008EEABE /* GlobalVariables.swift */,
				F7FE62E82C633793004049A1 /* ContentView.swift */,
				F799DE3A2C746822003D79E1 /* Api */,
				F7C6DAD22C69FDB100980E6A /* UI */,
				F7FE62FF2C636C70004049A1 /* Utilities */,
				F7FE62EA2C633794004049A1 /* Assets.xcassets */,
				F7FE62EC2C633794004049A1 /* Preview Content */,
			);
			path = Proptoll;
			sourceTree = "<group>";
		};
		F7FE62EC2C633794004049A1 /* Preview Content */ = {
			isa = PBXGroup;
			children = (
				F7FE62ED2C633794004049A1 /* Preview Assets.xcassets */,
			);
			path = "Preview Content";
			sourceTree = "<group>";
		};
		F7FE62FF2C636C70004049A1 /* Utilities */ = {
			isa = PBXGroup;
			children = (
				F7E4D7942C66154D00405CFE /* ThemeChangeView.swift */,
				F7FE62FD2C636C47004049A1 /* HTMLReader.swift */,
				F7519A262C6B89F500B02D92 /* HtmlToString.swift */,
				F7C12AA52C733983003F4AF4 /* CustomColors.swift */,
				F7C12AA92C7362AC003F4AF4 /* jsonToUrl.swift */,
			);
			path = Utilities;
			sourceTree = "<group>";
		};
/* End PBXGroup section */

/* Begin PBXNativeTarget section */
		F7FE62E22C633793004049A1 /* Proptoll */ = {
			isa = PBXNativeTarget;
			buildConfigurationList = F7FE62F12C633794004049A1 /* Build configuration list for PBXNativeTarget "Proptoll" */;
			buildPhases = (
				F7FE62DF2C633793004049A1 /* Sources */,
				F7FE62E02C633793004049A1 /* Frameworks */,
				F7FE62E12C633793004049A1 /* Resources */,
			);
			buildRules = (
			);
			dependencies = (
			);
			name = Proptoll;
			packageProductDependencies = (
			);
			productName = Proptoll;
			productReference = F7FE62E32C633793004049A1 /* Proptoll.app */;
			productType = "com.apple.product-type.application";
		};
/* End PBXNativeTarget section */

/* Begin PBXProject section */
		F7FE62DB2C633793004049A1 /* Project object */ = {
			isa = PBXProject;
			attributes = {
				BuildIndependentTargetsInParallel = 1;
				LastSwiftUpdateCheck = 1540;
				LastUpgradeCheck = 1540;
				TargetAttributes = {
					F7FE62E22C633793004049A1 = {
						CreatedOnToolsVersion = 15.4;
					};
				};
			};
			buildConfigurationList = F7FE62DE2C633793004049A1 /* Build configuration list for PBXProject "Proptoll" */;
			compatibilityVersion = "Xcode 14.0";
			developmentRegion = en;
			hasScannedForEncodings = 0;
			knownRegions = (
				en,
				Base,
			);
			mainGroup = F7FE62DA2C633793004049A1;
			packageReferences = (
			);
			productRefGroup = F7FE62E42C633793004049A1 /* Products */;
			projectDirPath = "";
			projectRoot = "";
			targets = (
				F7FE62E22C633793004049A1 /* Proptoll */,
			);
		};
/* End PBXProject section */

/* Begin PBXResourcesBuildPhase section */
		F7FE62E12C633793004049A1 /* Resources */ = {
			isa = PBXResourcesBuildPhase;
			buildActionMask = 2147483647;
			files = (
				F7FE62EE2C633794004049A1 /* Preview Assets.xcassets in Resources */,
				F7FE62EB2C633794004049A1 /* Assets.xcassets in Resources */,
			);
			runOnlyForDeploymentPostprocessing = 0;
		};
/* End PBXResourcesBuildPhase section */

/* Begin PBXSourcesBuildPhase section */
		F7FE62DF2C633793004049A1 /* Sources */ = {
			isa = PBXSourcesBuildPhase;
			buildActionMask = 2147483647;
			files = (
				F799DE4A2C78A323003D79E1 /* OwnerViewModel.swift in Sources */,
				F7519A162C6A265100B02D92 /* LoginResponseModel.swift in Sources */,
				F7729F062C7DE79B00EE3D6C /* MainApiCall2.swift in Sources */,
				F7E4D7A62C69E6A100405CFE /* OtpView.swift in Sources */,
				F799DE422C773CA6003D79E1 /* BillModel.swift in Sources */,
				F72A31772C6A052700B0328D /* ProfileCardView.swift in Sources */,
				F7E4D7952C66154D00405CFE /* ThemeChangeView.swift in Sources */,
				F799DE3C2C746832003D79E1 /* MainApiCall.swift in Sources */,
				F7519A1C2C6B52DD00B02D92 /* NoticeModel.swift in Sources */,
				F7519A142C6A262700B02D92 /* OtpResponseModel.swift in Sources */,
				F7FE62E92C633793004049A1 /* ContentView.swift in Sources */,
				F78053B12C6F5BBD00242BF8 /* TopBarView.swift in Sources */,
				F75370202C65CC09007BFE92 /* NewsView.swift in Sources */,
				F7519A272C6B89F500B02D92 /* HtmlToString.swift in Sources */,
				F7FE62FE2C636C47004049A1 /* HTMLReader.swift in Sources */,
				F7C12AA82C7344C0003F4AF4 /* NoticeSearchBar.swift in Sources */,
				F7FE62F82C634476004049A1 /* LoginView.swift in Sources */,
				F78053B52C73059400242BF8 /* ProfileViewModel.swift in Sources */,
				F78053AF2C6F5A7100242BF8 /* ProfileView.swift in Sources */,
				F75370162C64D6D4007BFE92 /* SheetView.swift in Sources */,
				F78053B72C73065200242BF8 /* ProfileModel.swift in Sources */,
				F7C12AA62C733983003F4AF4 /* CustomColors.swift in Sources */,
				F7519A122C6A0D8300B02D92 /* WelcomeView.swift in Sources */,
				F7FE62E72C633793004049A1 /* ProptollApp.swift in Sources */,
				F799DE402C773C6F003D79E1 /* BillsViewModel.swift in Sources */,
				F7C6DAD12C69EEE400980E6A /* OtpViewModel.swift in Sources */,
				F739723A2C65E74C00F3454A /* SettingsView.swift in Sources */,
				F7729F002C7C52AF00EE3D6C /* ReceiptsCardViewSecondary.swift in Sources */,
				F7729EFE2C7C4F4B00EE3D6C /* ReceiptsModel.swift in Sources */,
				F75370112C64D27D007BFE92 /* ReceiptsCardViewMain.swift in Sources */,
				F7519A202C6B5F5B00B02D92 /* NoticeViewModel.swift in Sources */,
				F7C12AAA2C7362AC003F4AF4 /* jsonToUrl.swift in Sources */,
				F7729EFC2C7C4F2D00EE3D6C /* ReceiptsViewModel.swift in Sources */,
				F7729F022C7C53D800EE3D6C /* TableView.swift in Sources */,
				F79D5E0A2C6F4F4C008EEABE /* GlobalVariables.swift in Sources */,
				F751C1662C63969C00F6B5CE /* BillsView.swift in Sources */,
				F751C17A2C64BA2500F6B5CE /* HomePageView.swift in Sources */,
				F75370232C65D086007BFE92 /* NoticeBoardcardView.swift in Sources */,
				F7FE62FA2C634E12004049A1 /* NoticeBoardView.swift in Sources */,
				F799DE482C78A2B7003D79E1 /* OwnerModel.swift in Sources */,
				F751C17D2C64C85D00F6B5CE /* BillsCardView.swift in Sources */,
				F753700F2C64D230007BFE92 /* ReceiptsView.swift in Sources */,
				F7E4D7A42C69D9F400405CFE /* LoginViewModel.swift in Sources */,
				F7519A182C6B319400B02D92 /* OtpTextField.swift in Sources */,
			);
			runOnlyForDeploymentPostprocessing = 0;
		};
/* End PBXSourcesBuildPhase section */

/* Begin XCBuildConfiguration section */
		F7FE62EF2C633794004049A1 /* Debug */ = {
			isa = XCBuildConfiguration;
			buildSettings = {
				ALWAYS_SEARCH_USER_PATHS = NO;
				ASSETCATALOG_COMPILER_GENERATE_SWIFT_ASSET_SYMBOL_EXTENSIONS = YES;
				CLANG_ANALYZER_NONNULL = YES;
				CLANG_ANALYZER_NUMBER_OBJECT_CONVERSION = YES_AGGRESSIVE;
				CLANG_CXX_LANGUAGE_STANDARD = "gnu++20";
				CLANG_ENABLE_MODULES = YES;
				CLANG_ENABLE_OBJC_ARC = YES;
				CLANG_ENABLE_OBJC_WEAK = YES;
				CLANG_WARN_BLOCK_CAPTURE_AUTORELEASING = YES;
				CLANG_WARN_BOOL_CONVERSION = YES;
				CLANG_WARN_COMMA = YES;
				CLANG_WARN_CONSTANT_CONVERSION = YES;
				CLANG_WARN_DEPRECATED_OBJC_IMPLEMENTATIONS = YES;
				CLANG_WARN_DIRECT_OBJC_ISA_USAGE = YES_ERROR;
				CLANG_WARN_DOCUMENTATION_COMMENTS = YES;
				CLANG_WARN_EMPTY_BODY = YES;
				CLANG_WARN_ENUM_CONVERSION = YES;
				CLANG_WARN_INFINITE_RECURSION = YES;
				CLANG_WARN_INT_CONVERSION = YES;
				CLANG_WARN_NON_LITERAL_NULL_CONVERSION = YES;
				CLANG_WARN_OBJC_IMPLICIT_RETAIN_SELF = YES;
				CLANG_WARN_OBJC_LITERAL_CONVERSION = YES;
				CLANG_WARN_OBJC_ROOT_CLASS = YES_ERROR;
				CLANG_WARN_QUOTED_INCLUDE_IN_FRAMEWORK_HEADER = YES;
				CLANG_WARN_RANGE_LOOP_ANALYSIS = YES;
				CLANG_WARN_STRICT_PROTOTYPES = YES;
				CLANG_WARN_SUSPICIOUS_MOVE = YES;
				CLANG_WARN_UNGUARDED_AVAILABILITY = YES_AGGRESSIVE;
				CLANG_WARN_UNREACHABLE_CODE = YES;
				CLANG_WARN__DUPLICATE_METHOD_MATCH = YES;
				COPY_PHASE_STRIP = NO;
				DEBUG_INFORMATION_FORMAT = dwarf;
				ENABLE_STRICT_OBJC_MSGSEND = YES;
				ENABLE_TESTABILITY = YES;
				ENABLE_USER_SCRIPT_SANDBOXING = YES;
				GCC_C_LANGUAGE_STANDARD = gnu17;
				GCC_DYNAMIC_NO_PIC = NO;
				GCC_NO_COMMON_BLOCKS = YES;
				GCC_OPTIMIZATION_LEVEL = 0;
				GCC_PREPROCESSOR_DEFINITIONS = (
					"DEBUG=1",
					"$(inherited)",
				);
				GCC_WARN_64_TO_32_BIT_CONVERSION = YES;
				GCC_WARN_ABOUT_RETURN_TYPE = YES_ERROR;
				GCC_WARN_UNDECLARED_SELECTOR = YES;
				GCC_WARN_UNINITIALIZED_AUTOS = YES_AGGRESSIVE;
				GCC_WARN_UNUSED_FUNCTION = YES;
				GCC_WARN_UNUSED_VARIABLE = YES;
				IPHONEOS_DEPLOYMENT_TARGET = 17.5;
				LOCALIZATION_PREFERS_STRING_CATALOGS = YES;
				MTL_ENABLE_DEBUG_INFO = INCLUDE_SOURCE;
				MTL_FAST_MATH = YES;
				ONLY_ACTIVE_ARCH = YES;
				SDKROOT = iphoneos;
				SWIFT_ACTIVE_COMPILATION_CONDITIONS = "DEBUG $(inherited)";
				SWIFT_OPTIMIZATION_LEVEL = "-Onone";
			};
			name = Debug;
		};
		F7FE62F02C633794004049A1 /* Release */ = {
			isa = XCBuildConfiguration;
			buildSettings = {
				ALWAYS_SEARCH_USER_PATHS = NO;
				ASSETCATALOG_COMPILER_GENERATE_SWIFT_ASSET_SYMBOL_EXTENSIONS = YES;
				CLANG_ANALYZER_NONNULL = YES;
				CLANG_ANALYZER_NUMBER_OBJECT_CONVERSION = YES_AGGRESSIVE;
				CLANG_CXX_LANGUAGE_STANDARD = "gnu++20";
				CLANG_ENABLE_MODULES = YES;
				CLANG_ENABLE_OBJC_ARC = YES;
				CLANG_ENABLE_OBJC_WEAK = YES;
				CLANG_WARN_BLOCK_CAPTURE_AUTORELEASING = YES;
				CLANG_WARN_BOOL_CONVERSION = YES;
				CLANG_WARN_COMMA = YES;
				CLANG_WARN_CONSTANT_CONVERSION = YES;
				CLANG_WARN_DEPRECATED_OBJC_IMPLEMENTATIONS = YES;
				CLANG_WARN_DIRECT_OBJC_ISA_USAGE = YES_ERROR;
				CLANG_WARN_DOCUMENTATION_COMMENTS = YES;
				CLANG_WARN_EMPTY_BODY = YES;
				CLANG_WARN_ENUM_CONVERSION = YES;
				CLANG_WARN_INFINITE_RECURSION = YES;
				CLANG_WARN_INT_CONVERSION = YES;
				CLANG_WARN_NON_LITERAL_NULL_CONVERSION = YES;
				CLANG_WARN_OBJC_IMPLICIT_RETAIN_SELF = YES;
				CLANG_WARN_OBJC_LITERAL_CONVERSION = YES;
				CLANG_WARN_OBJC_ROOT_CLASS = YES_ERROR;
				CLANG_WARN_QUOTED_INCLUDE_IN_FRAMEWORK_HEADER = YES;
				CLANG_WARN_RANGE_LOOP_ANALYSIS = YES;
				CLANG_WARN_STRICT_PROTOTYPES = YES;
				CLANG_WARN_SUSPICIOUS_MOVE = YES;
				CLANG_WARN_UNGUARDED_AVAILABILITY = YES_AGGRESSIVE;
				CLANG_WARN_UNREACHABLE_CODE = YES;
				CLANG_WARN__DUPLICATE_METHOD_MATCH = YES;
				COPY_PHASE_STRIP = NO;
				DEBUG_INFORMATION_FORMAT = "dwarf-with-dsym";
				ENABLE_NS_ASSERTIONS = NO;
				ENABLE_STRICT_OBJC_MSGSEND = YES;
				ENABLE_USER_SCRIPT_SANDBOXING = YES;
				GCC_C_LANGUAGE_STANDARD = gnu17;
				GCC_NO_COMMON_BLOCKS = YES;
				GCC_WARN_64_TO_32_BIT_CONVERSION = YES;
				GCC_WARN_ABOUT_RETURN_TYPE = YES_ERROR;
				GCC_WARN_UNDECLARED_SELECTOR = YES;
				GCC_WARN_UNINITIALIZED_AUTOS = YES_AGGRESSIVE;
				GCC_WARN_UNUSED_FUNCTION = YES;
				GCC_WARN_UNUSED_VARIABLE = YES;
				IPHONEOS_DEPLOYMENT_TARGET = 17.5;
				LOCALIZATION_PREFERS_STRING_CATALOGS = YES;
				MTL_ENABLE_DEBUG_INFO = NO;
				MTL_FAST_MATH = YES;
				SDKROOT = iphoneos;
				SWIFT_COMPILATION_MODE = wholemodule;
				VALIDATE_PRODUCT = YES;
			};
			name = Release;
		};
		F7FE62F22C633794004049A1 /* Debug */ = {
			isa = XCBuildConfiguration;
			buildSettings = {
				ASSETCATALOG_COMPILER_APPICON_NAME = AppIcon;
				ASSETCATALOG_COMPILER_GLOBAL_ACCENT_COLOR_NAME = AccentColor;
				CODE_SIGN_STYLE = Automatic;
				CURRENT_PROJECT_VERSION = 1;
				DEVELOPMENT_ASSET_PATHS = "\"Proptoll/Preview Content\"";
				DEVELOPMENT_TEAM = 5VK4WRRWLX;
				ENABLE_PREVIEWS = YES;
				GENERATE_INFOPLIST_FILE = YES;
				INFOPLIST_KEY_UIApplicationSceneManifest_Generation = YES;
				INFOPLIST_KEY_UIApplicationSupportsIndirectInputEvents = YES;
				INFOPLIST_KEY_UILaunchScreen_Generation = YES;
				INFOPLIST_KEY_UISupportedInterfaceOrientations_iPad = "UIInterfaceOrientationPortrait UIInterfaceOrientationPortraitUpsideDown UIInterfaceOrientationLandscapeLeft UIInterfaceOrientationLandscapeRight";
				INFOPLIST_KEY_UISupportedInterfaceOrientations_iPhone = "UIInterfaceOrientationPortrait UIInterfaceOrientationLandscapeLeft UIInterfaceOrientationLandscapeRight";
				LD_RUNPATH_SEARCH_PATHS = (
					"$(inherited)",
					"@executable_path/Frameworks",
				);
				MARKETING_VERSION = 1.0;
				PRODUCT_BUNDLE_IDENTIFIER = com.neel.swiftuiapp.proptoll;
				PRODUCT_NAME = "$(TARGET_NAME)";
				SWIFT_EMIT_LOC_STRINGS = YES;
				SWIFT_VERSION = 5.0;
				TARGETED_DEVICE_FAMILY = "1,2";
			};
			name = Debug;
		};
		F7FE62F32C633794004049A1 /* Release */ = {
			isa = XCBuildConfiguration;
			buildSettings = {
				ASSETCATALOG_COMPILER_APPICON_NAME = AppIcon;
				ASSETCATALOG_COMPILER_GLOBAL_ACCENT_COLOR_NAME = AccentColor;
				CODE_SIGN_STYLE = Automatic;
				CURRENT_PROJECT_VERSION = 1;
				DEVELOPMENT_ASSET_PATHS = "\"Proptoll/Preview Content\"";
				DEVELOPMENT_TEAM = 5VK4WRRWLX;
				ENABLE_PREVIEWS = YES;
				GENERATE_INFOPLIST_FILE = YES;
				INFOPLIST_KEY_UIApplicationSceneManifest_Generation = YES;
				INFOPLIST_KEY_UIApplicationSupportsIndirectInputEvents = YES;
				INFOPLIST_KEY_UILaunchScreen_Generation = YES;
				INFOPLIST_KEY_UISupportedInterfaceOrientations_iPad = "UIInterfaceOrientationPortrait UIInterfaceOrientationPortraitUpsideDown UIInterfaceOrientationLandscapeLeft UIInterfaceOrientationLandscapeRight";
				INFOPLIST_KEY_UISupportedInterfaceOrientations_iPhone = "UIInterfaceOrientationPortrait UIInterfaceOrientationLandscapeLeft UIInterfaceOrientationLandscapeRight";
				LD_RUNPATH_SEARCH_PATHS = (
					"$(inherited)",
					"@executable_path/Frameworks",
				);
				MARKETING_VERSION = 1.0;
				PRODUCT_BUNDLE_IDENTIFIER = com.neel.swiftuiapp.proptoll;
				PRODUCT_NAME = "$(TARGET_NAME)";
				SWIFT_EMIT_LOC_STRINGS = YES;
				SWIFT_VERSION = 5.0;
				TARGETED_DEVICE_FAMILY = "1,2";
			};
			name = Release;
		};
/* End XCBuildConfiguration section */

/* Begin XCConfigurationList section */
		F7FE62DE2C633793004049A1 /* Build configuration list for PBXProject "Proptoll" */ = {
			isa = XCConfigurationList;
			buildConfigurations = (
				F7FE62EF2C633794004049A1 /* Debug */,
				F7FE62F02C633794004049A1 /* Release */,
			);
			defaultConfigurationIsVisible = 0;
			defaultConfigurationName = Release;
		};
		F7FE62F12C633794004049A1 /* Build configuration list for PBXNativeTarget "Proptoll" */ = {
			isa = XCConfigurationList;
			buildConfigurations = (
				F7FE62F22C633794004049A1 /* Debug */,
				F7FE62F32C633794004049A1 /* Release */,
			);
			defaultConfigurationIsVisible = 0;
			defaultConfigurationName = Release;
		};
/* End XCConfigurationList section */
	};
	rootObject = F7FE62DB2C633793004049A1 /* Project object */;
}
