{
  "originHash" : "303f84d3c0ca076890174ca8b301ae4ba61562ef87db0557adecfb78d40500e2",
  "pins" : [
    {
      "identity" : "matomo-sdk-ios",
      "kind" : "remoteSourceControl",
      "location" : "https://github.com/matomo-org/matomo-sdk-ios.git",
      "state" : {
        "branch" : "develop",
        "revision" : "6b86f844a3adc118161d674807d8e125365060fc"
      }
    }
  ],
  "version" : 3
}
