{
  "originHash" : "b3785b398b7b3126aac6d964eaabfd92b69a1f6515e19525fbec4f9553623006",
  "pins" : [
    {
      "identity" : "matomo-sdk-ios",
      "kind" : "remoteSourceControl",
      "location" : "https://github.com/matomo-org/matomo-sdk-ios.git",
      "state" : {
        "branch" : "develop",
        "revision" : "6b86f844a3adc118161d674807d8e125365060fc"
      }
    },
    {
      "identity" : "sentry-cocoa",
      "kind" : "remoteSourceControl",
      "location" : "https://github.com/getsentry/sentry-cocoa.git",
      "state" : {
        "revision" : "5575af93efb776414f243e93d6af9f6258dc539a",
        "version" : "8.36.0"
      }
    }
  ],
  "version" : 3
}
